
Microsoft Visual Studio Solution File, Format Version 12.00
# Visual Studio Version 17
VisualStudioVersion = 17.11.35312.102
MinimumVisualStudioVersion = 10.0.40219.1
Project("{FAE04EC0-301F-11D3-BF4B-00C04F79EFBC}") = "Project", "Project\Project.csproj", "{7CFEE151-B4CE-41E6-BDA5-989E60E84479}"
EndProject
Global
	GlobalSection(SolutionConfigurationPlatforms) = preSolution
		Debug|Any CPU = Debug|Any CPU
		Release|Any CPU = Release|Any CPU
	EndGlobalSection
	GlobalSection(ProjectConfigurationPlatforms) = postSolution
		{7CFEE151-B4CE-41E6-BDA5-989E60E84479}.Debug|Any CPU.ActiveCfg = Debug|Any CPU
		{7CFEE151-B4CE-41E6-BDA5-989E60E84479}.Debug|Any CPU.Build.0 = Debug|Any CPU
		{7CFEE151-B4CE-41E6-BDA5-989E60E84479}.Release|Any CPU.ActiveCfg = Release|Any CPU
		{7CFEE151-B4CE-41E6-BDA5-989E60E84479}.Release|Any CPU.Build.0 = Release|Any CPU
	EndGlobalSection
	GlobalSection(SolutionProperties) = preSolution
		HideSolutionNode = FALSE
	EndGlobalSection
	GlobalSection(ExtensibilityGlobals) = postSolution
		SolutionGuid = {905B849C-23C1-4531-864B-EA2FD55D7BDB}
	EndGlobalSection
EndGlobal
