
Microsoft Visual Studio Solution File, Format Version 12.00
# Visual Studio Version 17
VisualStudioVersion = 17.11.35312.102
MinimumVisualStudioVersion = 10.0.40219.1
Project("{FAE04EC0-301F-11D3-BF4B-00C04F79EFBC}") = "Lab06", "Lab06\Lab06.csproj", "{73A11083-B36B-4CAE-9BAA-D77D5D8FB1C8}"
EndProject
Global
	GlobalSection(SolutionConfigurationPlatforms) = preSolution
		Debug|Any CPU = Debug|Any CPU
		Release|Any CPU = Release|Any CPU
	EndGlobalSection
	GlobalSection(ProjectConfigurationPlatforms) = postSolution
		{73A11083-B36B-4CAE-9BAA-D77D5D8FB1C8}.Debug|Any CPU.ActiveCfg = Debug|Any CPU
		{73A11083-B36B-4CAE-9BAA-D77D5D8FB1C8}.Debug|Any CPU.Build.0 = Debug|Any CPU
		{73A11083-B36B-4CAE-9BAA-D77D5D8FB1C8}.Release|Any CPU.ActiveCfg = Release|Any CPU
		{73A11083-B36B-4CAE-9BAA-D77D5D8FB1C8}.Release|Any CPU.Build.0 = Release|Any CPU
	EndGlobalSection
	GlobalSection(SolutionProperties) = preSolution
		HideSolutionNode = FALSE
	EndGlobalSection
	GlobalSection(ExtensibilityGlobals) = postSolution
		SolutionGuid = {CE7B710C-351A-4DC4-A31E-8926B3F4992B}
	EndGlobalSection
EndGlobal
