
Microsoft Visual Studio Solution File, Format Version 12.00
# Visual Studio Version 17
VisualStudioVersion = 17.11.35312.102
MinimumVisualStudioVersion = 10.0.40219.1
Project("{9A19103F-16F7-4668-BE54-9A1E7A4F7556}") = "Lab10.1", "Lab10.1\Lab10.1.csproj", "{5CB72281-4FB3-46AC-A30A-22D375A9896D}"
EndProject
Project("{FAE04EC0-301F-11D3-BF4B-00C04F79EFBC}") = "Lab10.CustomAuthorize", "Lab10.CustomAuthorize\Lab10.CustomAuthorize.csproj", "{87C4753F-9377-480F-8F42-F7BDADD670AD}"
EndProject
Project("{FAE04EC0-301F-11D3-BF4B-00C04F79EFBC}") = "Lab10.2", "Lab10.2\Lab10.2.csproj", "{F8C5A687-E084-4138-AA95-12148147CDF7}"
EndProject
Global
	GlobalSection(SolutionConfigurationPlatforms) = preSolution
		Debug|Any CPU = Debug|Any CPU
		Release|Any CPU = Release|Any CPU
	EndGlobalSection
	GlobalSection(ProjectConfigurationPlatforms) = postSolution
		{5CB72281-4FB3-46AC-A30A-22D375A9896D}.Debug|Any CPU.ActiveCfg = Debug|Any CPU
		{5CB72281-4FB3-46AC-A30A-22D375A9896D}.Debug|Any CPU.Build.0 = Debug|Any CPU
		{5CB72281-4FB3-46AC-A30A-22D375A9896D}.Release|Any CPU.ActiveCfg = Release|Any CPU
		{5CB72281-4FB3-46AC-A30A-22D375A9896D}.Release|Any CPU.Build.0 = Release|Any CPU
		{87C4753F-9377-480F-8F42-F7BDADD670AD}.Debug|Any CPU.ActiveCfg = Debug|Any CPU
		{87C4753F-9377-480F-8F42-F7BDADD670AD}.Debug|Any CPU.Build.0 = Debug|Any CPU
		{87C4753F-9377-480F-8F42-F7BDADD670AD}.Release|Any CPU.ActiveCfg = Release|Any CPU
		{87C4753F-9377-480F-8F42-F7BDADD670AD}.Release|Any CPU.Build.0 = Release|Any CPU
		{F8C5A687-E084-4138-AA95-12148147CDF7}.Debug|Any CPU.ActiveCfg = Debug|Any CPU
		{F8C5A687-E084-4138-AA95-12148147CDF7}.Debug|Any CPU.Build.0 = Debug|Any CPU
		{F8C5A687-E084-4138-AA95-12148147CDF7}.Release|Any CPU.ActiveCfg = Release|Any CPU
		{F8C5A687-E084-4138-AA95-12148147CDF7}.Release|Any CPU.Build.0 = Release|Any CPU
	EndGlobalSection
	GlobalSection(SolutionProperties) = preSolution
		HideSolutionNode = FALSE
	EndGlobalSection
	GlobalSection(ExtensibilityGlobals) = postSolution
		SolutionGuid = {0AA864A6-E429-47B6-BCEB-14DF3E99E446}
	EndGlobalSection
EndGlobal
